{
  "name": "example-app",
  "version": "1.0.0",
  "lockfileVersion": 3,
  "requires": true,
  "packages": {
    "": {
      "name": "example-app",
      "version": "1.0.0",
      "license": "MIT",
      "workspaces": [
        "packages/*"
      ],
      "dependencies": {
        "@octokit/rest": "^19.0.13",
        "moment": "^2.29.4",
        "request": "^2.88.2"
      },
      "devDependencies": {
        "@babel/core": "^7.24.0",
        "@example/tools": "*",
        "istanbul": "^0.4.5"
      },
      "optionalDependencies": {
        "fsevents": "^2.3.3"
      }
    },
    "node_modules/@babel/core": {
      "version": "7.24.0",
      "resolved": "https://registry.npmjs.org/@babel/core/-/core-7.24.0.tgz",
      "integrity": "sha512-fQfkg0Gjkza3nf0c7/w6Xf34BW4YvzNfACRLmmb7XRLa6XHdR+K9AlJlxneFfWYf6uhOzuzZVTjF/8KfndZANw==",
      "dev": true,
      "dependencies": {
        "@babel/parser": "^7.24.0"
      },
      "engines": {
        "node": ">=6.9.0"
      }
    },
    "node_modules/@babel/parser": {
      "version": "7.24.0",
      "resolved": "https://registry.npmjs.org/@babel/parser/-/parser-7.24.0.tgz",
      "integrity": "sha512-QuP/FxEAzMSjXygs8v4N9dvdXzEHN4W1oF3PxuWAtPo08UdM17u89RDMgjLn/mlc56iM0HlLmVkO/wgR+rDgHg==",
      "dev": true,
      "bin": {
        "parser": "bin/babel-parser.js"
      },
      "engines": {
        "node": ">=6.0.0"
      }
    },
    "node_modules/@example/tools": {
      "resolved": "packages/tools",
      "link": true
    },
    "node_modules/@octokit/rest": {
      "version": "19.0.13",
      "resolved": "https://registry.npmjs.org/@octokit/rest/-/rest-19.0.13.tgz",
      "integrity": "sha512-/EzVox5V9gYGdbAI+ovYj3nXQT1TtTHRT+0eZPcuC05UFSWO3mdO9UY1C0i2eLF9Un1ONJkAk+IEtYGAC+TahA==",
      "engines": {
        "node": ">= 14"
      }
    },
    "node_modules/escape-string-regexp": {
      "version": "1.0.5",
      "resolved": "https://registry.npmjs.org/escape-string-regexp/-/escape-string-regexp-1.0.5.tgz",
      "integrity": "sha512-vbRorB5FUQWvla16U8R/qgaFIya2qGzwDrNmCZuYKrbdSUMG6I1ZCGQRefkRVhuOkIGVne7BQ35DSfo1qvJqFg==",
      "dev": true,
      "engines": {
        "node": ">=0.8.0"
      }
    },
    "node_modules/fsevents": {
      "version": "2.3.3",
      "resolved": "https://registry.npmjs.org/fsevents/-/fsevents-2.3.3.tgz",
      "integrity": "sha512-5xoDfX+fL7faATnagmWPpbFtwh/R77WmMMqqHGS65C3vvB0YHrgF+B1YmZ3441tMj5n63k0212XNoJwzlhffQw==",
      "hasInstallScript": true,
      "optional": true,
      "os": [
        "darwin"
      ],
      "engines": {
        "node": "^8.16.0 || ^10.6.0 || >=11.0.0"
      }
    },
    "node_modules/istanbul": {
      "version": "0.4.5",
      "resolved": "https://registry.npmjs.org/istanbul/-/istanbul-0.4.5.tgz",
      "integrity": "sha512-nMtdn4hvK0HjUlzr1DrKSUY8ychprt8dzHOgY2KXsIhHu5PuQQEOTM27gV9Xblyon7aUH/TSFIjRHEODF/FRPg==",
      "deprecated": "This module is no longer maintained, try this instead:\n  npm i nyc\nVisit https://istanbul.js.org/integrations for other alternatives.",
      "dev": true,
      "dependencies": {
        "escape-string-regexp": "^1.0.2"
      },
      "bin": {
        "istanbul": "lib/cli.js"
      }
    },
    "node_modules/istanbul/node_modules/escape-string-regexp": {
      "version": "1.0.2",
      "resolved": "https://registry.npmjs.org/escape-string-regexp/-/escape-string-regexp-1.0.2.tgz",
      "integrity": "sha512-lp0VG5DLBK8xJ6TgLZ4bR4G7pjMhJTxD3M6IHfDlxvOOJbCiVrbvsRnUj0lNRLcSk1CRnfjqUwHNAe6mCbSSAg==",
      "dev": true,
      "engines": {
        "node": ">=0.8.0"
      }
    },
    "node_modules/moment": {
      "version": "2.29.4",
      "resolved": "https://registry.npmjs.org/moment/-/moment-2.29.4.tgz",
      "integrity": "sha512-5LC9SOxjSc2HF6vO2CyJTg17n5v1d/wjoz3PxDdT3+SUZBLwbEHqNZrMs6h4EFPfz5ZLMdOvv5UFyM/oCbGkNQ==",
      "engines": {
        "node": "*"
      }
    },
    "node_modules/request": {
      "version": "2.88.2",
      "resolved": "https://registry.npmjs.org/request/-/request-2.88.2.tgz",
      "integrity": "sha512-MsvtOrfG9ZcrOwAW+Qi+F6HbD0CWXEh9ou77uOb7FM2WPhwT7smM833PzanhJLsgXjN89Ir6V2PczXNnMpwKhw==",
      "deprecated": "request has been deprecated, see https://github.com/request/request/issues/3142",
      "dependencies": {
        "tough-cookie": "~2.5.0",
        "uuid": "^3.3.2"
      },
      "engines": {
        "node": ">= 6"
      }
    },
    "node_modules/tough-cookie": {
      "version": "2.5.0",
      "resolved": "https://registry.npmjs.org/tough-cookie/-/tough-cookie-2.5.0.tgz",
      "integrity": "sha512-nlLsUzgm1kfLXSXfRZMc1KLAugd4hqJHDTvc2hDIwS3mZAfMEuMbc03SujMF+GEcpaX/qboeycw6iO8JwVv2+g==",
      "engines": {
        "node": ">=0.8"
      }
    },
    "node_modules/uuid": {
      "version": "3.4.0",
      "resolved": "https://registry.npmjs.org/uuid/-/uuid-3.4.0.tgz",
      "integrity": "sha512-HjSDRw6gZE5JMggctHBcjVak08+KEVhSIiDzFnT9S9aegmp85S/bReBVTb4QTFaRNptJ9kuYaNhnbNEOkbKb/A==",
      "deprecated": "Please upgrade  to version 7 or higher.  Older versions may use Math.random() in certain circumstances, which is known to be problematic.",
      "bin": {
        "uuid": "bin/uuid"
      }
    },
    "packages/tools": {
      "name": "@example/tools",
      "version": "0.0.0",
      "dependencies": {
        "escape-string-regexp": "^1.0.5"
      }
    }
  }
}
