# THIS IS AN AUTOGENERATED FILE. DO NOT EDIT THIS FILE DIRECTLY.
# yarn lockfile v1


"@babel/core@^7.24.0":
  version "7.24.0"
  resolved "https://registry.yarnpkg.com/@babel/core/-/core-7.24.0.tgz#56b8f8bd6b0d0a0d1f6cf4c6a0d3f9e7e6a0b1c2"
  integrity sha512-fQfkg0Gjkza3nf0c7/w6Xf34BW4YvzNfACRLmmb7XRLa6XHdR+K9AlJlxneFfWYf6uhOzuzZVTjF/8KfndZANw==
  dependencies:
    "@babel/parser" "^7.24.0"

"@babel/parser@^7.24.0":
  version "7.24.0"
  resolved "https://registry.yarnpkg.com/@babel/parser/-/parser-7.24.0.tgz#26e5ee0b9d8e2b1f4b06d1f6e6e1c5f1b0a2c3d4"
  integrity sha512-QuP/FxEAzMSjXygs8v4N9dvdXzEHN4W1oF3PxuWAtPo08UdM17u89RDMgjLn/mlc56iM0HlLmVkO/wgR+rDgHg==

"@octokit/rest@^19.0.13":
  version "19.0.13"
  resolved "https://registry.yarnpkg.com/@octokit/rest/-/rest-19.0.13.tgz#e526e6c8bd3f4b21f7d1a2ba2c2a6a5b7c8d9e0f"
  integrity sha512-/EzVox5V9gYGdbAI+ovYj3nXQT1TtTHRT+0eZPcuC05UFSWO3mdO9UY1C0i2eLF9Un1ONJkAk+IEtYGAC+TahA==

escape-string-regexp@^1.0.2, escape-string-regexp@^1.0.5:
  version "1.0.5"
  resolved "https://registry.yarnpkg.com/escape-string-regexp/-/escape-string-regexp-1.0.5.tgz#1b61c0562190a8dff6ae3bb2cf0200ca130b86d4"
  integrity sha512-vbRorB5FUQWvla16U8R/qgaFIya2qGzwDrNmCZuYKrbdSUMG6I1ZCGQRefkRVhuOkIGVne7BQ35DSfo1qvJqFg==

fsevents@^2.3.3:
  version "2.3.3"
  resolved "https://registry.yarnpkg.com/fsevents/-/fsevents-2.3.3.tgz#cac6407785d03675a2a5e1a5305c697b347d90d6"
  integrity sha512-5xoDfX+fL7faATnagmWPpbFtwh/R77WmMMqqHGS65C3vvB0YHrgF+B1YmZ3441tMj5n63k0212XNoJwzlhffQw==

istanbul@^0.4.5:
  version "0.4.5"
  resolved "https://registry.yarnpkg.com/istanbul/-/istanbul-0.4.5.tgz#65c7d73d4c4da84d4f3ac310b918fb0b8033eeed"
  integrity sha512-nMtdn4hvK0HjUlzr1DrKSUY8ychprt8dzHOgY2KXsIhHu5PuQQEOTM27gV9Xblyon7aUH/TSFIjRHEODF/FRPg==
  dependencies:
    escape-string-regexp "^1.0.2"

moment@^2.29.4:
  version "2.29.4"
  resolved "https://registry.yarnpkg.com/moment/-/moment-2.29.4.tgz#3dbe052889fe7c1b2ed966fcb3a77328964ef108"
  integrity sha512-5LC9SOxjSc2HF6vO2CyJTg17n5v1d/wjoz3PxDdT3+SUZBLwbEHqNZrMs6h4EFPfz5ZLMdOvv5UFyM/oCbGkNQ==

request@^2.88.2:
  version "2.88.2"
  resolved "https://registry.yarnpkg.com/request/-/request-2.88.2.tgz#d73c918731cb5a87da047e207234146f664d12b3"
  integrity sha512-MsvtOrfG9ZcrOwAW+Qi+F6HbD0CWXEh9ou77uOb7FM2WPhwT7smM833PzanhJLsgXjN89Ir6V2PczXNnMpwKhw==
  dependencies:
    tough-cookie "~2.5.0"
    uuid "^3.3.2"

"tough-cookie@~2.5.0":
  version "2.5.0"
  resolved "https://registry.yarnpkg.com/tough-cookie/-/tough-cookie-2.5.0.tgz#cd9fb2a0aa1d5a12b473bd9fb96fa3dcff65ade2"
  integrity sha512-nlLsUzgm1kfLXSXfRZMc1KLAugd4hqJHDTvc2hDIwS3mZAfMEuMbc03SujMF+GEcpaX/qboeycw6iO8JwVv2+g==

uuid@^3.3.2:
  version "3.4.0"
  resolved "https://registry.yarnpkg.com/uuid/-/uuid-3.4.0.tgz#b23e4358afa8a202fe7a100af1f5f883f02007ee"
  integrity sha512-HjSDRw6gZE5JMggctHBcjVak08+KEVhSIiDzFnT9S9aegmp85S/bReBVTb4QTFaRNptJ9kuYaNhnbNEOkbKb/A==
