# This file is generated by running "yarn install" inside your project.
# Manual changes might be lost - proceed with caution!

__metadata:
  version: 8
  cacheKey: 10c0

"@babel/core@npm:^7.24.0":
  version: 7.24.0
  resolution: "@babel/core@npm:7.24.0"
  dependencies:
    "@babel/parser": "npm:^7.24.0"
  checksum: 10c0/8b1cc93a1e0d1c9a0b8e4a55d0d0d5c7f4c1e7f9a1b2c3d4e5f60718293a4b5c
  languageName: node
  linkType: hard

"@babel/parser@npm:^7.24.0":
  version: 7.24.0
  resolution: "@babel/parser@npm:7.24.0"
  bin:
    parser: ./bin/babel-parser.js
  checksum: 10c0/3f4b5c6d7e8f90a1b2c3d4e5f60718293a4b5c6d7e8f90a1b2c3d4e5f6071829
  languageName: node
  linkType: hard

"@octokit/rest@npm:^19.0.13":
  version: 19.0.13
  resolution: "@octokit/rest@npm:19.0.13"
  checksum: 10c0/1a2b3c4d5e6f708192a3b4c5d6e7f8091a2b3c4d5e6f708192a3b4c5d6e7f809
  languageName: node
  linkType: hard

"escape-string-regexp@npm:^1.0.2, escape-string-regexp@npm:^1.0.5":
  version: 1.0.5
  resolution: "escape-string-regexp@npm:1.0.5"
  checksum: 10c0/6092fda75c63b110c706b6a9bfde8a612ad595b628f0bd2147eea1d3406723020da9daf90f56a1e8666c1e8e5fb0f8b0f9f1e0e2e0dc3f61e6f4e2d9b0c7a1b2
  languageName: node
  linkType: hard

"example-app@workspace:.":
  version: 0.0.0-use.local
  resolution: "example-app@workspace:."
  dependencies:
    "@babel/core": "npm:^7.24.0"
    "@octokit/rest": "npm:^19.0.13"
    fsevents: "npm:^2.3.3"
    istanbul: "npm:^0.4.5"
    moment: "npm:^2.29.4"
    request: "npm:^2.88.2"
  dependenciesMeta:
    fsevents:
      optional: true
  languageName: unknown
  linkType: soft

"fsevents@npm:^2.3.3":
  version: 2.3.3
  resolution: "fsevents@npm:2.3.3"
  dependencies:
    node-gyp: "npm:latest"
  checksum: 10c0/a1b2c3d4e5f60718293a4b5c6d7e8f90a1b2c3d4e5f60718293a4b5c6d7e8f90
  conditions: os=darwin
  languageName: node
  linkType: hard

"istanbul@npm:^0.4.5":
  version: 0.4.5
  resolution: "istanbul@npm:0.4.5"
  dependencies:
    escape-string-regexp: "npm:^1.0.2"
  bin:
    istanbul: lib/cli.js
  checksum: 10c0/b2c3d4e5f60718293a4b5c6d7e8f90a1b2c3d4e5f60718293a4b5c6d7e8f90a1
  languageName: node
  linkType: hard

"moment@npm:^2.29.4":
  version: 2.29.4
  resolution: "moment@npm:2.29.4"
  checksum: 10c0/c3d4e5f60718293a4b5c6d7e8f90a1b2c3d4e5f60718293a4b5c6d7e8f90a1b2
  languageName: node
  linkType: hard

"request@npm:^2.88.2":
  version: 2.88.2
  resolution: "request@npm:2.88.2"
  dependencies:
    tough-cookie: "npm:~2.5.0"
    uuid: "npm:^3.3.2"
  checksum: 10c0/d4e5f60718293a4b5c6d7e8f90a1b2c3d4e5f60718293a4b5c6d7e8f90a1b2c3
  languageName: node
  linkType: hard

"tough-cookie@patch:tough-cookie@npm%3A2.5.0#~/.yarn/patches/tough-cookie-npm-2.5.0.patch":
  version: 2.5.0
  resolution: "tough-cookie@patch:tough-cookie@npm%3A2.5.0#~/.yarn/patches/tough-cookie-npm-2.5.0.patch::version=2.5.0&hash=f1e2d3"
  checksum: 10c0/e5f60718293a4b5c6d7e8f90a1b2c3d4e5f60718293a4b5c6d7e8f90a1b2c3d4
  languageName: node
  linkType: hard

"tough-cookie@npm:~2.5.0":
  version: 2.5.0
  resolution: "tough-cookie@npm:2.5.0"
  checksum: 10c0/f60718293a4b5c6d7e8f90a1b2c3d4e5f60718293a4b5c6d7e8f90a1b2c3d4e5
  languageName: node
  linkType: hard

"uuid@npm:^3.3.2":
  version: 3.4.0
  resolution: "uuid@npm:3.4.0"
  bin:
    uuid: ./bin/uuid
  checksum: 10c0/0718293a4b5c6d7e8f90a1b2c3d4e5f60718293a4b5c6d7e8f90a1b2c3d4e5f6
  languageName: node
  linkType: hard
